
Microsoft Visual Studio Solution File, Format Version 12.00
# Visual Studio Version 17
VisualStudioVersion = 17.12.35728.132
MinimumVisualStudioVersion = 10.0.40219.1
Project("{FAE04EC0-301F-11D3-BF4B-00C04F79EFBC}") = "Interface", "SAE_2.5_E3\Interface.csproj", "{6AE949D9-66DF-407F-ACC6-E3D4F0645F2A}"
EndProject
Project("{FAE04EC0-301F-11D3-BF4B-00C04F79EFBC}") = "BiblioSysteme", "BiblioSysteme\BiblioSysteme.csproj", "{B057FDA9-B329-4E9C-B1A8-0D0EB10045EE}"
EndProject
Global
	GlobalSection(SolutionConfigurationPlatforms) = preSolution
		Debug|Any CPU = Debug|Any CPU
		Release|Any CPU = Release|Any CPU
	EndGlobalSection
	GlobalSection(ProjectConfigurationPlatforms) = postSolution
		{6AE949D9-66DF-407F-ACC6-E3D4F0645F2A}.Debug|Any CPU.ActiveCfg = Debug|Any CPU
		{6AE949D9-66DF-407F-ACC6-E3D4F0645F2A}.Debug|Any CPU.Build.0 = Debug|Any CPU
		{6AE949D9-66DF-407F-ACC6-E3D4F0645F2A}.Release|Any CPU.ActiveCfg = Release|Any CPU
		{6AE949D9-66DF-407F-ACC6-E3D4F0645F2A}.Release|Any CPU.Build.0 = Release|Any CPU
		{B057FDA9-B329-4E9C-B1A8-0D0EB10045EE}.Debug|Any CPU.ActiveCfg = Debug|Any CPU
		{B057FDA9-B329-4E9C-B1A8-0D0EB10045EE}.Debug|Any CPU.Build.0 = Debug|Any CPU
		{B057FDA9-B329-4E9C-B1A8-0D0EB10045EE}.Release|Any CPU.ActiveCfg = Release|Any CPU
		{B057FDA9-B329-4E9C-B1A8-0D0EB10045EE}.Release|Any CPU.Build.0 = Release|Any CPU
	EndGlobalSection
	GlobalSection(SolutionProperties) = preSolution
		HideSolutionNode = FALSE
	EndGlobalSection
EndGlobal
